
Microsoft Visual Studio Solution File, Format Version 12.00
# Visual Studio Version 16
VisualStudioVersion = 16.0.30907.101
MinimumVisualStudioVersion = 10.0.40219.1
Project("{FAE04EC0-301F-11D3-BF4B-00C04F79EFBC}") = "ExcelToHL7", "ExcelToHL7\ExcelToHL7.csproj", "{7B09F18B-2BBF-488A-B4D9-BB64844A9783}"
EndProject
Global
	GlobalSection(SolutionConfigurationPlatforms) = preSolution
		Debug|Any CPU = Debug|Any CPU
		Release|Any CPU = Release|Any CPU
	EndGlobalSection
	GlobalSection(ProjectConfigurationPlatforms) = postSolution
		{7B09F18B-2BBF-488A-B4D9-BB64844A9783}.Debug|Any CPU.ActiveCfg = Debug|Any CPU
		{7B09F18B-2BBF-488A-B4D9-BB64844A9783}.Debug|Any CPU.Build.0 = Debug|Any CPU
		{7B09F18B-2BBF-488A-B4D9-BB64844A9783}.Release|Any CPU.ActiveCfg = Release|Any CPU
		{7B09F18B-2BBF-488A-B4D9-BB64844A9783}.Release|Any CPU.Build.0 = Release|Any CPU
	EndGlobalSection
	GlobalSection(SolutionProperties) = preSolution
		HideSolutionNode = FALSE
	EndGlobalSection
	GlobalSection(ExtensibilityGlobals) = postSolution
		SolutionGuid = {83F927BF-BE2D-4E2A-B16B-7D872D343E29}
	EndGlobalSection
EndGlobal
